
Microsoft Visual Studio Solution File, Format Version 12.00
# Visual Studio Version 17
VisualStudioVersion = 17.3.32929.385
MinimumVisualStudioVersion = 10.0.40219.1
Project("{9A19103F-16F7-4668-BE54-9A1E7A4F7556}") = "Elcometer.Demo.Xamarin.Forms", "Apps\Xamarin.Forms\Elcometer.Demo.Xamarin.Forms\Elcometer.Demo.Xamarin.Forms.csproj", "{BD0D6B3E-E91F-4B56-A05B-A833D6D7CC2C}"
EndProject
Project("{2150E333-8FDC-42A3-9474-1A3956D46DE8}") = "Xamarin.Forms", "Xamarin.Forms", "{45E3B5D3-C86B-4C72-B97D-3B8D29124E8C}"
EndProject
Project("{FAE04EC0-301F-11D3-BF4B-00C04F79EFBC}") = "Elcometer.Demo.Xamarin.Forms.Android", "Apps\Xamarin.Forms\Elcometer.Demo.Xamarin.Forms.Android\Elcometer.Demo.Xamarin.Forms.Android.csproj", "{5400A724-7DA1-49F9-8525-8CA2CB51BDE4}"
EndProject
Project("{FAE04EC0-301F-11D3-BF4B-00C04F79EFBC}") = "Elcometer.Demo.Xamarin.Forms.iOS", "Apps\Xamarin.Forms\Elcometer.Demo.Xamarin.Forms.iOS\Elcometer.Demo.Xamarin.Forms.iOS.csproj", "{46ECFE6A-824F-4197-89AF-41A854D73E19}"
EndProject
Project("{2150E333-8FDC-42A3-9474-1A3956D46DE8}") = ".NET Windows Desktop", ".NET Windows Desktop", "{91D42FB2-F56A-456C-82C2-F85DADB09832}"
EndProject
Project("{9A19103F-16F7-4668-BE54-9A1E7A4F7556}") = "Elcometer.Demo.Windows.Desktop.CLI", "Apps\Windows.Desktop\Elcometer.Demo.Windows.Desktop.CLI\Elcometer.Demo.Windows.Desktop.CLI.csproj", "{1EC8DAF5-A851-47F5-9493-4C542176F69C}"
EndProject
Project("{9A19103F-16F7-4668-BE54-9A1E7A4F7556}") = "Elcometer.Demo.Windows.Desktop.Winforms", "Apps\Windows.Desktop\Elcometer.Demo.Windows.Desktop.Winforms\Elcometer.Demo.Windows.Desktop.Winforms.csproj", "{40E2AC32-E805-4D41-B101-97CC91693419}"
EndProject
Project("{2150E333-8FDC-42A3-9474-1A3956D46DE8}") = "Linux", "Linux", "{3833C680-EB55-4240-88EA-96843BF795C2}"
EndProject
Project("{9A19103F-16F7-4668-BE54-9A1E7A4F7556}") = "Elcometer.Demo.Linux", "Apps\Linux\Elcometer.Demo.Linux\Elcometer.Demo.Linux.csproj", "{2C3487BC-A977-42D3-8A9F-C566722D88AB}"
EndProject
Project("{2150E333-8FDC-42A3-9474-1A3956D46DE8}") = "Windows.UWP", "Windows.UWP", "{DA78F4A7-8F3C-4CA3-A0D4-286654D1A616}"
EndProject
Project("{FAE04EC0-301F-11D3-BF4B-00C04F79EFBC}") = "Elcometer.Demo.Windows.UWP", "Apps\Windows.UWP\Elcometer.Demo.Windows.UWP\Elcometer.Demo.Windows.UWP.csproj", "{310FF497-88A8-4C91-B7A4-C0AB74DC53EF}"
EndProject
Project("{2150E333-8FDC-42A3-9474-1A3956D46DE8}") = ".NET Native Mobile", ".NET Native Mobile", "{39A9ABC8-2D07-4554-ADD7-0E43B303B996}"
EndProject
Project("{9A19103F-16F7-4668-BE54-9A1E7A4F7556}") = "Elcometer.Demo.Droid", "Apps\Xamarin.Native\Elcometer.Demo.Droid\Elcometer.Demo.Droid.csproj", "{A56EADF4-BBDE-48C2-BB8E-7A5B5929AC7E}"
EndProject
Project("{9A19103F-16F7-4668-BE54-9A1E7A4F7556}") = "Elcometer.Demo.iOS", "Apps\Xamarin.Native\Elcometer.Demo.iOS\Elcometer.Demo.iOS.csproj", "{6E75D731-3C20-4A68-8A3C-72C7EB9CDBB5}"
EndProject
Project("{2150E333-8FDC-42A3-9474-1A3956D46DE8}") = ".NETFramework Windows Desktop", ".NETFramework Windows Desktop", "{8297388D-C019-431E-8ACD-A60EC49355D1}"
EndProject
Project("{FAE04EC0-301F-11D3-BF4B-00C04F79EFBC}") = "Elcometer.Demo.Windows.Desktop.CLI.NetFramework", "Apps\Windows.Desktop\Elcometer.Demo.Windows.Desktop.CLI.NetFramework\Elcometer.Demo.Windows.Desktop.CLI.NetFramework.csproj", "{A8AFF6F7-7346-4CB7-9A0A-9BEA567D7CE5}"
EndProject
Project("{FAE04EC0-301F-11D3-BF4B-00C04F79EFBC}") = "Elcometer.Demo.Windows.Desktop.Winforms.NetFramework", "Apps\Windows.Desktop\Elcometer.Demo.Windows.Desktop.Winforms.NetFramework\Elcometer.Demo.Windows.Desktop.Winforms.NetFramework.csproj", "{CBF63B61-615C-4733-89D5-D4A414F94062}"
EndProject
Global
	GlobalSection(SolutionConfigurationPlatforms) = preSolution
		Ad-Hoc|Any CPU = Ad-Hoc|Any CPU
		Ad-Hoc|ARM = Ad-Hoc|ARM
		Ad-Hoc|iPhone = Ad-Hoc|iPhone
		Ad-Hoc|iPhoneSimulator = Ad-Hoc|iPhoneSimulator
		Ad-Hoc|x64 = Ad-Hoc|x64
		Ad-Hoc|x86 = Ad-Hoc|x86
		AppStore|Any CPU = AppStore|Any CPU
		AppStore|ARM = AppStore|ARM
		AppStore|iPhone = AppStore|iPhone
		AppStore|iPhoneSimulator = AppStore|iPhoneSimulator
		AppStore|x64 = AppStore|x64
		AppStore|x86 = AppStore|x86
		Debug|Any CPU = Debug|Any CPU
		Debug|ARM = Debug|ARM
		Debug|iPhone = Debug|iPhone
		Debug|iPhoneSimulator = Debug|iPhoneSimulator
		Debug|x64 = Debug|x64
		Debug|x86 = Debug|x86
		Release|Any CPU = Release|Any CPU
		Release|ARM = Release|ARM
		Release|iPhone = Release|iPhone
		Release|iPhoneSimulator = Release|iPhoneSimulator
		Release|x64 = Release|x64
		Release|x86 = Release|x86
	EndGlobalSection
	GlobalSection(ProjectConfigurationPlatforms) = postSolution
		{BD0D6B3E-E91F-4B56-A05B-A833D6D7CC2C}.Ad-Hoc|Any CPU.ActiveCfg = Release|Any CPU
		{BD0D6B3E-E91F-4B56-A05B-A833D6D7CC2C}.Ad-Hoc|Any CPU.Build.0 = Release|Any CPU
		{BD0D6B3E-E91F-4B56-A05B-A833D6D7CC2C}.Ad-Hoc|ARM.ActiveCfg = Debug|Any CPU
		{BD0D6B3E-E91F-4B56-A05B-A833D6D7CC2C}.Ad-Hoc|ARM.Build.0 = Debug|Any CPU
		{BD0D6B3E-E91F-4B56-A05B-A833D6D7CC2C}.Ad-Hoc|iPhone.ActiveCfg = Release|Any CPU
		{BD0D6B3E-E91F-4B56-A05B-A833D6D7CC2C}.Ad-Hoc|iPhone.Build.0 = Release|Any CPU
		{BD0D6B3E-E91F-4B56-A05B-A833D6D7CC2C}.Ad-Hoc|iPhoneSimulator.ActiveCfg = Release|Any CPU
		{BD0D6B3E-E91F-4B56-A05B-A833D6D7CC2C}.Ad-Hoc|iPhoneSimulator.Build.0 = Release|Any CPU
		{BD0D6B3E-E91F-4B56-A05B-A833D6D7CC2C}.Ad-Hoc|x64.ActiveCfg = Debug|Any CPU
		{BD0D6B3E-E91F-4B56-A05B-A833D6D7CC2C}.Ad-Hoc|x64.Build.0 = Debug|Any CPU
		{BD0D6B3E-E91F-4B56-A05B-A833D6D7CC2C}.Ad-Hoc|x86.ActiveCfg = Debug|Any CPU
		{BD0D6B3E-E91F-4B56-A05B-A833D6D7CC2C}.Ad-Hoc|x86.Build.0 = Debug|Any CPU
		{BD0D6B3E-E91F-4B56-A05B-A833D6D7CC2C}.AppStore|Any CPU.ActiveCfg = Release|Any CPU
		{BD0D6B3E-E91F-4B56-A05B-A833D6D7CC2C}.AppStore|Any CPU.Build.0 = Release|Any CPU
		{BD0D6B3E-E91F-4B56-A05B-A833D6D7CC2C}.AppStore|ARM.ActiveCfg = Debug|Any CPU
		{BD0D6B3E-E91F-4B56-A05B-A833D6D7CC2C}.AppStore|ARM.Build.0 = Debug|Any CPU
		{BD0D6B3E-E91F-4B56-A05B-A833D6D7CC2C}.AppStore|iPhone.ActiveCfg = Release|Any CPU
		{BD0D6B3E-E91F-4B56-A05B-A833D6D7CC2C}.AppStore|iPhone.Build.0 = Release|Any CPU
		{BD0D6B3E-E91F-4B56-A05B-A833D6D7CC2C}.AppStore|iPhoneSimulator.ActiveCfg = Release|Any CPU
		{BD0D6B3E-E91F-4B56-A05B-A833D6D7CC2C}.AppStore|iPhoneSimulator.Build.0 = Release|Any CPU
		{BD0D6B3E-E91F-4B56-A05B-A833D6D7CC2C}.AppStore|x64.ActiveCfg = Debug|Any CPU
		{BD0D6B3E-E91F-4B56-A05B-A833D6D7CC2C}.AppStore|x64.Build.0 = Debug|Any CPU
		{BD0D6B3E-E91F-4B56-A05B-A833D6D7CC2C}.AppStore|x86.ActiveCfg = Debug|Any CPU
		{BD0D6B3E-E91F-4B56-A05B-A833D6D7CC2C}.AppStore|x86.Build.0 = Debug|Any CPU
		{BD0D6B3E-E91F-4B56-A05B-A833D6D7CC2C}.Debug|Any CPU.ActiveCfg = Debug|Any CPU
		{BD0D6B3E-E91F-4B56-A05B-A833D6D7CC2C}.Debug|Any CPU.Build.0 = Debug|Any CPU
		{BD0D6B3E-E91F-4B56-A05B-A833D6D7CC2C}.Debug|ARM.ActiveCfg = Debug|Any CPU
		{BD0D6B3E-E91F-4B56-A05B-A833D6D7CC2C}.Debug|ARM.Build.0 = Debug|Any CPU
		{BD0D6B3E-E91F-4B56-A05B-A833D6D7CC2C}.Debug|iPhone.ActiveCfg = Debug|Any CPU
		{BD0D6B3E-E91F-4B56-A05B-A833D6D7CC2C}.Debug|iPhone.Build.0 = Debug|Any CPU
		{BD0D6B3E-E91F-4B56-A05B-A833D6D7CC2C}.Debug|iPhoneSimulator.ActiveCfg = Debug|Any CPU
		{BD0D6B3E-E91F-4B56-A05B-A833D6D7CC2C}.Debug|iPhoneSimulator.Build.0 = Debug|Any CPU
		{BD0D6B3E-E91F-4B56-A05B-A833D6D7CC2C}.Debug|x64.ActiveCfg = Debug|Any CPU
		{BD0D6B3E-E91F-4B56-A05B-A833D6D7CC2C}.Debug|x64.Build.0 = Debug|Any CPU
		{BD0D6B3E-E91F-4B56-A05B-A833D6D7CC2C}.Debug|x86.ActiveCfg = Debug|Any CPU
		{BD0D6B3E-E91F-4B56-A05B-A833D6D7CC2C}.Debug|x86.Build.0 = Debug|Any CPU
		{BD0D6B3E-E91F-4B56-A05B-A833D6D7CC2C}.Release|Any CPU.ActiveCfg = Release|Any CPU
		{BD0D6B3E-E91F-4B56-A05B-A833D6D7CC2C}.Release|Any CPU.Build.0 = Release|Any CPU
		{BD0D6B3E-E91F-4B56-A05B-A833D6D7CC2C}.Release|ARM.ActiveCfg = Release|Any CPU
		{BD0D6B3E-E91F-4B56-A05B-A833D6D7CC2C}.Release|ARM.Build.0 = Release|Any CPU
		{BD0D6B3E-E91F-4B56-A05B-A833D6D7CC2C}.Release|iPhone.ActiveCfg = Release|Any CPU
		{BD0D6B3E-E91F-4B56-A05B-A833D6D7CC2C}.Release|iPhone.Build.0 = Release|Any CPU
		{BD0D6B3E-E91F-4B56-A05B-A833D6D7CC2C}.Release|iPhoneSimulator.ActiveCfg = Release|Any CPU
		{BD0D6B3E-E91F-4B56-A05B-A833D6D7CC2C}.Release|iPhoneSimulator.Build.0 = Release|Any CPU
		{BD0D6B3E-E91F-4B56-A05B-A833D6D7CC2C}.Release|x64.ActiveCfg = Release|Any CPU
		{BD0D6B3E-E91F-4B56-A05B-A833D6D7CC2C}.Release|x64.Build.0 = Release|Any CPU
		{BD0D6B3E-E91F-4B56-A05B-A833D6D7CC2C}.Release|x86.ActiveCfg = Release|Any CPU
		{BD0D6B3E-E91F-4B56-A05B-A833D6D7CC2C}.Release|x86.Build.0 = Release|Any CPU
		{5400A724-7DA1-49F9-8525-8CA2CB51BDE4}.Ad-Hoc|Any CPU.ActiveCfg = Release|Any CPU
		{5400A724-7DA1-49F9-8525-8CA2CB51BDE4}.Ad-Hoc|Any CPU.Build.0 = Release|Any CPU
		{5400A724-7DA1-49F9-8525-8CA2CB51BDE4}.Ad-Hoc|Any CPU.Deploy.0 = Release|Any CPU
		{5400A724-7DA1-49F9-8525-8CA2CB51BDE4}.Ad-Hoc|ARM.ActiveCfg = Debug|Any CPU
		{5400A724-7DA1-49F9-8525-8CA2CB51BDE4}.Ad-Hoc|ARM.Build.0 = Debug|Any CPU
		{5400A724-7DA1-49F9-8525-8CA2CB51BDE4}.Ad-Hoc|ARM.Deploy.0 = Debug|Any CPU
		{5400A724-7DA1-49F9-8525-8CA2CB51BDE4}.Ad-Hoc|iPhone.ActiveCfg = Release|Any CPU
		{5400A724-7DA1-49F9-8525-8CA2CB51BDE4}.Ad-Hoc|iPhone.Build.0 = Release|Any CPU
		{5400A724-7DA1-49F9-8525-8CA2CB51BDE4}.Ad-Hoc|iPhone.Deploy.0 = Release|Any CPU
		{5400A724-7DA1-49F9-8525-8CA2CB51BDE4}.Ad-Hoc|iPhoneSimulator.ActiveCfg = Release|Any CPU
		{5400A724-7DA1-49F9-8525-8CA2CB51BDE4}.Ad-Hoc|iPhoneSimulator.Build.0 = Release|Any CPU
		{5400A724-7DA1-49F9-8525-8CA2CB51BDE4}.Ad-Hoc|iPhoneSimulator.Deploy.0 = Release|Any CPU
		{5400A724-7DA1-49F9-8525-8CA2CB51BDE4}.Ad-Hoc|x64.ActiveCfg = Debug|Any CPU
		{5400A724-7DA1-49F9-8525-8CA2CB51BDE4}.Ad-Hoc|x64.Build.0 = Debug|Any CPU
		{5400A724-7DA1-49F9-8525-8CA2CB51BDE4}.Ad-Hoc|x64.Deploy.0 = Debug|Any CPU
		{5400A724-7DA1-49F9-8525-8CA2CB51BDE4}.Ad-Hoc|x86.ActiveCfg = Debug|Any CPU
		{5400A724-7DA1-49F9-8525-8CA2CB51BDE4}.Ad-Hoc|x86.Build.0 = Debug|Any CPU
		{5400A724-7DA1-49F9-8525-8CA2CB51BDE4}.Ad-Hoc|x86.Deploy.0 = Debug|Any CPU
		{5400A724-7DA1-49F9-8525-8CA2CB51BDE4}.AppStore|Any CPU.ActiveCfg = Release|Any CPU
		{5400A724-7DA1-49F9-8525-8CA2CB51BDE4}.AppStore|Any CPU.Build.0 = Release|Any CPU
		{5400A724-7DA1-49F9-8525-8CA2CB51BDE4}.AppStore|Any CPU.Deploy.0 = Release|Any CPU
		{5400A724-7DA1-49F9-8525-8CA2CB51BDE4}.AppStore|ARM.ActiveCfg = Debug|Any CPU
		{5400A724-7DA1-49F9-8525-8CA2CB51BDE4}.AppStore|ARM.Build.0 = Debug|Any CPU
		{5400A724-7DA1-49F9-8525-8CA2CB51BDE4}.AppStore|ARM.Deploy.0 = Debug|Any CPU
		{5400A724-7DA1-49F9-8525-8CA2CB51BDE4}.AppStore|iPhone.ActiveCfg = Release|Any CPU
		{5400A724-7DA1-49F9-8525-8CA2CB51BDE4}.AppStore|iPhone.Build.0 = Release|Any CPU
		{5400A724-7DA1-49F9-8525-8CA2CB51BDE4}.AppStore|iPhone.Deploy.0 = Release|Any CPU
		{5400A724-7DA1-49F9-8525-8CA2CB51BDE4}.AppStore|iPhoneSimulator.ActiveCfg = Release|Any CPU
		{5400A724-7DA1-49F9-8525-8CA2CB51BDE4}.AppStore|iPhoneSimulator.Build.0 = Release|Any CPU
		{5400A724-7DA1-49F9-8525-8CA2CB51BDE4}.AppStore|iPhoneSimulator.Deploy.0 = Release|Any CPU
		{5400A724-7DA1-49F9-8525-8CA2CB51BDE4}.AppStore|x64.ActiveCfg = Debug|Any CPU
		{5400A724-7DA1-49F9-8525-8CA2CB51BDE4}.AppStore|x64.Build.0 = Debug|Any CPU
		{5400A724-7DA1-49F9-8525-8CA2CB51BDE4}.AppStore|x64.Deploy.0 = Debug|Any CPU
		{5400A724-7DA1-49F9-8525-8CA2CB51BDE4}.AppStore|x86.ActiveCfg = Debug|Any CPU
		{5400A724-7DA1-49F9-8525-8CA2CB51BDE4}.AppStore|x86.Build.0 = Debug|Any CPU
		{5400A724-7DA1-49F9-8525-8CA2CB51BDE4}.AppStore|x86.Deploy.0 = Debug|Any CPU
		{5400A724-7DA1-49F9-8525-8CA2CB51BDE4}.Debug|Any CPU.ActiveCfg = Debug|Any CPU
		{5400A724-7DA1-49F9-8525-8CA2CB51BDE4}.Debug|Any CPU.Build.0 = Debug|Any CPU
		{5400A724-7DA1-49F9-8525-8CA2CB51BDE4}.Debug|Any CPU.Deploy.0 = Debug|Any CPU
		{5400A724-7DA1-49F9-8525-8CA2CB51BDE4}.Debug|ARM.ActiveCfg = Debug|Any CPU
		{5400A724-7DA1-49F9-8525-8CA2CB51BDE4}.Debug|ARM.Build.0 = Debug|Any CPU
		{5400A724-7DA1-49F9-8525-8CA2CB51BDE4}.Debug|ARM.Deploy.0 = Debug|Any CPU
		{5400A724-7DA1-49F9-8525-8CA2CB51BDE4}.Debug|iPhone.ActiveCfg = Debug|Any CPU
		{5400A724-7DA1-49F9-8525-8CA2CB51BDE4}.Debug|iPhone.Build.0 = Debug|Any CPU
		{5400A724-7DA1-49F9-8525-8CA2CB51BDE4}.Debug|iPhone.Deploy.0 = Debug|Any CPU
		{5400A724-7DA1-49F9-8525-8CA2CB51BDE4}.Debug|iPhoneSimulator.ActiveCfg = Debug|Any CPU
		{5400A724-7DA1-49F9-8525-8CA2CB51BDE4}.Debug|iPhoneSimulator.Build.0 = Debug|Any CPU
		{5400A724-7DA1-49F9-8525-8CA2CB51BDE4}.Debug|iPhoneSimulator.Deploy.0 = Debug|Any CPU
		{5400A724-7DA1-49F9-8525-8CA2CB51BDE4}.Debug|x64.ActiveCfg = Debug|Any CPU
		{5400A724-7DA1-49F9-8525-8CA2CB51BDE4}.Debug|x64.Build.0 = Debug|Any CPU
		{5400A724-7DA1-49F9-8525-8CA2CB51BDE4}.Debug|x64.Deploy.0 = Debug|Any CPU
		{5400A724-7DA1-49F9-8525-8CA2CB51BDE4}.Debug|x86.ActiveCfg = Debug|Any CPU
		{5400A724-7DA1-49F9-8525-8CA2CB51BDE4}.Debug|x86.Build.0 = Debug|Any CPU
		{5400A724-7DA1-49F9-8525-8CA2CB51BDE4}.Debug|x86.Deploy.0 = Debug|Any CPU
		{5400A724-7DA1-49F9-8525-8CA2CB51BDE4}.Release|Any CPU.ActiveCfg = Release|Any CPU
		{5400A724-7DA1-49F9-8525-8CA2CB51BDE4}.Release|Any CPU.Build.0 = Release|Any CPU
		{5400A724-7DA1-49F9-8525-8CA2CB51BDE4}.Release|Any CPU.Deploy.0 = Release|Any CPU
		{5400A724-7DA1-49F9-8525-8CA2CB51BDE4}.Release|ARM.ActiveCfg = Release|Any CPU
		{5400A724-7DA1-49F9-8525-8CA2CB51BDE4}.Release|ARM.Build.0 = Release|Any CPU
		{5400A724-7DA1-49F9-8525-8CA2CB51BDE4}.Release|ARM.Deploy.0 = Release|Any CPU
		{5400A724-7DA1-49F9-8525-8CA2CB51BDE4}.Release|iPhone.ActiveCfg = Release|Any CPU
		{5400A724-7DA1-49F9-8525-8CA2CB51BDE4}.Release|iPhone.Build.0 = Release|Any CPU
		{5400A724-7DA1-49F9-8525-8CA2CB51BDE4}.Release|iPhone.Deploy.0 = Release|Any CPU
		{5400A724-7DA1-49F9-8525-8CA2CB51BDE4}.Release|iPhoneSimulator.ActiveCfg = Release|Any CPU
		{5400A724-7DA1-49F9-8525-8CA2CB51BDE4}.Release|iPhoneSimulator.Build.0 = Release|Any CPU
		{5400A724-7DA1-49F9-8525-8CA2CB51BDE4}.Release|iPhoneSimulator.Deploy.0 = Release|Any CPU
		{5400A724-7DA1-49F9-8525-8CA2CB51BDE4}.Release|x64.ActiveCfg = Release|Any CPU
		{5400A724-7DA1-49F9-8525-8CA2CB51BDE4}.Release|x64.Build.0 = Release|Any CPU
		{5400A724-7DA1-49F9-8525-8CA2CB51BDE4}.Release|x64.Deploy.0 = Release|Any CPU
		{5400A724-7DA1-49F9-8525-8CA2CB51BDE4}.Release|x86.ActiveCfg = Release|Any CPU
		{5400A724-7DA1-49F9-8525-8CA2CB51BDE4}.Release|x86.Build.0 = Release|Any CPU
		{5400A724-7DA1-49F9-8525-8CA2CB51BDE4}.Release|x86.Deploy.0 = Release|Any CPU
		{46ECFE6A-824F-4197-89AF-41A854D73E19}.Ad-Hoc|Any CPU.ActiveCfg = Ad-Hoc|iPhone
		{46ECFE6A-824F-4197-89AF-41A854D73E19}.Ad-Hoc|ARM.ActiveCfg = Ad-Hoc|iPhoneSimulator
		{46ECFE6A-824F-4197-89AF-41A854D73E19}.Ad-Hoc|iPhone.ActiveCfg = Ad-Hoc|iPhone
		{46ECFE6A-824F-4197-89AF-41A854D73E19}.Ad-Hoc|iPhone.Build.0 = Ad-Hoc|iPhone
		{46ECFE6A-824F-4197-89AF-41A854D73E19}.Ad-Hoc|iPhoneSimulator.ActiveCfg = Ad-Hoc|iPhoneSimulator
		{46ECFE6A-824F-4197-89AF-41A854D73E19}.Ad-Hoc|iPhoneSimulator.Build.0 = Ad-Hoc|iPhoneSimulator
		{46ECFE6A-824F-4197-89AF-41A854D73E19}.Ad-Hoc|x64.ActiveCfg = Ad-Hoc|iPhoneSimulator
		{46ECFE6A-824F-4197-89AF-41A854D73E19}.Ad-Hoc|x86.ActiveCfg = Ad-Hoc|iPhoneSimulator
		{46ECFE6A-824F-4197-89AF-41A854D73E19}.AppStore|Any CPU.ActiveCfg = AppStore|iPhone
		{46ECFE6A-824F-4197-89AF-41A854D73E19}.AppStore|ARM.ActiveCfg = AppStore|iPhoneSimulator
		{46ECFE6A-824F-4197-89AF-41A854D73E19}.AppStore|iPhone.ActiveCfg = AppStore|iPhone
		{46ECFE6A-824F-4197-89AF-41A854D73E19}.AppStore|iPhone.Build.0 = AppStore|iPhone
		{46ECFE6A-824F-4197-89AF-41A854D73E19}.AppStore|iPhoneSimulator.ActiveCfg = AppStore|iPhoneSimulator
		{46ECFE6A-824F-4197-89AF-41A854D73E19}.AppStore|iPhoneSimulator.Build.0 = AppStore|iPhoneSimulator
		{46ECFE6A-824F-4197-89AF-41A854D73E19}.AppStore|x64.ActiveCfg = AppStore|iPhoneSimulator
		{46ECFE6A-824F-4197-89AF-41A854D73E19}.AppStore|x86.ActiveCfg = AppStore|iPhoneSimulator
		{46ECFE6A-824F-4197-89AF-41A854D73E19}.Debug|Any CPU.ActiveCfg = Debug|iPhone
		{46ECFE6A-824F-4197-89AF-41A854D73E19}.Debug|ARM.ActiveCfg = Debug|iPhoneSimulator
		{46ECFE6A-824F-4197-89AF-41A854D73E19}.Debug|iPhone.ActiveCfg = Debug|iPhone
		{46ECFE6A-824F-4197-89AF-41A854D73E19}.Debug|iPhone.Build.0 = Debug|iPhone
		{46ECFE6A-824F-4197-89AF-41A854D73E19}.Debug|iPhoneSimulator.ActiveCfg = Debug|iPhoneSimulator
		{46ECFE6A-824F-4197-89AF-41A854D73E19}.Debug|iPhoneSimulator.Build.0 = Debug|iPhoneSimulator
		{46ECFE6A-824F-4197-89AF-41A854D73E19}.Debug|x64.ActiveCfg = Debug|iPhoneSimulator
		{46ECFE6A-824F-4197-89AF-41A854D73E19}.Debug|x86.ActiveCfg = Debug|iPhoneSimulator
		{46ECFE6A-824F-4197-89AF-41A854D73E19}.Release|Any CPU.ActiveCfg = Release|iPhone
		{46ECFE6A-824F-4197-89AF-41A854D73E19}.Release|ARM.ActiveCfg = Release|iPhoneSimulator
		{46ECFE6A-824F-4197-89AF-41A854D73E19}.Release|iPhone.ActiveCfg = Release|iPhone
		{46ECFE6A-824F-4197-89AF-41A854D73E19}.Release|iPhone.Build.0 = Release|iPhone
		{46ECFE6A-824F-4197-89AF-41A854D73E19}.Release|iPhoneSimulator.ActiveCfg = Release|iPhoneSimulator
		{46ECFE6A-824F-4197-89AF-41A854D73E19}.Release|iPhoneSimulator.Build.0 = Release|iPhoneSimulator
		{46ECFE6A-824F-4197-89AF-41A854D73E19}.Release|x64.ActiveCfg = Release|iPhoneSimulator
		{46ECFE6A-824F-4197-89AF-41A854D73E19}.Release|x86.ActiveCfg = Release|iPhoneSimulator
		{1EC8DAF5-A851-47F5-9493-4C542176F69C}.Ad-Hoc|Any CPU.ActiveCfg = Release|Any CPU
		{1EC8DAF5-A851-47F5-9493-4C542176F69C}.Ad-Hoc|Any CPU.Build.0 = Release|Any CPU
		{1EC8DAF5-A851-47F5-9493-4C542176F69C}.Ad-Hoc|ARM.ActiveCfg = Debug|Any CPU
		{1EC8DAF5-A851-47F5-9493-4C542176F69C}.Ad-Hoc|ARM.Build.0 = Debug|Any CPU
		{1EC8DAF5-A851-47F5-9493-4C542176F69C}.Ad-Hoc|iPhone.ActiveCfg = Release|Any CPU
		{1EC8DAF5-A851-47F5-9493-4C542176F69C}.Ad-Hoc|iPhone.Build.0 = Release|Any CPU
		{1EC8DAF5-A851-47F5-9493-4C542176F69C}.Ad-Hoc|iPhoneSimulator.ActiveCfg = Release|Any CPU
		{1EC8DAF5-A851-47F5-9493-4C542176F69C}.Ad-Hoc|iPhoneSimulator.Build.0 = Release|Any CPU
		{1EC8DAF5-A851-47F5-9493-4C542176F69C}.Ad-Hoc|x64.ActiveCfg = Debug|Any CPU
		{1EC8DAF5-A851-47F5-9493-4C542176F69C}.Ad-Hoc|x64.Build.0 = Debug|Any CPU
		{1EC8DAF5-A851-47F5-9493-4C542176F69C}.Ad-Hoc|x86.ActiveCfg = Debug|Any CPU
		{1EC8DAF5-A851-47F5-9493-4C542176F69C}.Ad-Hoc|x86.Build.0 = Debug|Any CPU
		{1EC8DAF5-A851-47F5-9493-4C542176F69C}.AppStore|Any CPU.ActiveCfg = Release|Any CPU
		{1EC8DAF5-A851-47F5-9493-4C542176F69C}.AppStore|Any CPU.Build.0 = Release|Any CPU
		{1EC8DAF5-A851-47F5-9493-4C542176F69C}.AppStore|ARM.ActiveCfg = Debug|Any CPU
		{1EC8DAF5-A851-47F5-9493-4C542176F69C}.AppStore|ARM.Build.0 = Debug|Any CPU
		{1EC8DAF5-A851-47F5-9493-4C542176F69C}.AppStore|iPhone.ActiveCfg = Release|Any CPU
		{1EC8DAF5-A851-47F5-9493-4C542176F69C}.AppStore|iPhone.Build.0 = Release|Any CPU
		{1EC8DAF5-A851-47F5-9493-4C542176F69C}.AppStore|iPhoneSimulator.ActiveCfg = Release|Any CPU
		{1EC8DAF5-A851-47F5-9493-4C542176F69C}.AppStore|iPhoneSimulator.Build.0 = Release|Any CPU
		{1EC8DAF5-A851-47F5-9493-4C542176F69C}.AppStore|x64.ActiveCfg = Debug|Any CPU
		{1EC8DAF5-A851-47F5-9493-4C542176F69C}.AppStore|x64.Build.0 = Debug|Any CPU
		{1EC8DAF5-A851-47F5-9493-4C542176F69C}.AppStore|x86.ActiveCfg = Debug|Any CPU
		{1EC8DAF5-A851-47F5-9493-4C542176F69C}.AppStore|x86.Build.0 = Debug|Any CPU
		{1EC8DAF5-A851-47F5-9493-4C542176F69C}.Debug|Any CPU.ActiveCfg = Debug|Any CPU
		{1EC8DAF5-A851-47F5-9493-4C542176F69C}.Debug|Any CPU.Build.0 = Debug|Any CPU
		{1EC8DAF5-A851-47F5-9493-4C542176F69C}.Debug|ARM.ActiveCfg = Debug|Any CPU
		{1EC8DAF5-A851-47F5-9493-4C542176F69C}.Debug|ARM.Build.0 = Debug|Any CPU
		{1EC8DAF5-A851-47F5-9493-4C542176F69C}.Debug|iPhone.ActiveCfg = Debug|Any CPU
		{1EC8DAF5-A851-47F5-9493-4C542176F69C}.Debug|iPhone.Build.0 = Debug|Any CPU
		{1EC8DAF5-A851-47F5-9493-4C542176F69C}.Debug|iPhoneSimulator.ActiveCfg = Debug|Any CPU
		{1EC8DAF5-A851-47F5-9493-4C542176F69C}.Debug|iPhoneSimulator.Build.0 = Debug|Any CPU
		{1EC8DAF5-A851-47F5-9493-4C542176F69C}.Debug|x64.ActiveCfg = Debug|Any CPU
		{1EC8DAF5-A851-47F5-9493-4C542176F69C}.Debug|x64.Build.0 = Debug|Any CPU
		{1EC8DAF5-A851-47F5-9493-4C542176F69C}.Debug|x86.ActiveCfg = Debug|Any CPU
		{1EC8DAF5-A851-47F5-9493-4C542176F69C}.Debug|x86.Build.0 = Debug|Any CPU
		{1EC8DAF5-A851-47F5-9493-4C542176F69C}.Release|Any CPU.ActiveCfg = Release|Any CPU
		{1EC8DAF5-A851-47F5-9493-4C542176F69C}.Release|Any CPU.Build.0 = Release|Any CPU
		{1EC8DAF5-A851-47F5-9493-4C542176F69C}.Release|ARM.ActiveCfg = Release|Any CPU
		{1EC8DAF5-A851-47F5-9493-4C542176F69C}.Release|ARM.Build.0 = Release|Any CPU
		{1EC8DAF5-A851-47F5-9493-4C542176F69C}.Release|iPhone.ActiveCfg = Release|Any CPU
		{1EC8DAF5-A851-47F5-9493-4C542176F69C}.Release|iPhone.Build.0 = Release|Any CPU
		{1EC8DAF5-A851-47F5-9493-4C542176F69C}.Release|iPhoneSimulator.ActiveCfg = Release|Any CPU
		{1EC8DAF5-A851-47F5-9493-4C542176F69C}.Release|iPhoneSimulator.Build.0 = Release|Any CPU
		{1EC8DAF5-A851-47F5-9493-4C542176F69C}.Release|x64.ActiveCfg = Release|Any CPU
		{1EC8DAF5-A851-47F5-9493-4C542176F69C}.Release|x64.Build.0 = Release|Any CPU
		{1EC8DAF5-A851-47F5-9493-4C542176F69C}.Release|x86.ActiveCfg = Release|Any CPU
		{1EC8DAF5-A851-47F5-9493-4C542176F69C}.Release|x86.Build.0 = Release|Any CPU
		{40E2AC32-E805-4D41-B101-97CC91693419}.Ad-Hoc|Any CPU.ActiveCfg = Release|Any CPU
		{40E2AC32-E805-4D41-B101-97CC91693419}.Ad-Hoc|Any CPU.Build.0 = Release|Any CPU
		{40E2AC32-E805-4D41-B101-97CC91693419}.Ad-Hoc|ARM.ActiveCfg = Debug|Any CPU
		{40E2AC32-E805-4D41-B101-97CC91693419}.Ad-Hoc|ARM.Build.0 = Debug|Any CPU
		{40E2AC32-E805-4D41-B101-97CC91693419}.Ad-Hoc|iPhone.ActiveCfg = Release|Any CPU
		{40E2AC32-E805-4D41-B101-97CC91693419}.Ad-Hoc|iPhone.Build.0 = Release|Any CPU
		{40E2AC32-E805-4D41-B101-97CC91693419}.Ad-Hoc|iPhoneSimulator.ActiveCfg = Release|Any CPU
		{40E2AC32-E805-4D41-B101-97CC91693419}.Ad-Hoc|iPhoneSimulator.Build.0 = Release|Any CPU
		{40E2AC32-E805-4D41-B101-97CC91693419}.Ad-Hoc|x64.ActiveCfg = Debug|Any CPU
		{40E2AC32-E805-4D41-B101-97CC91693419}.Ad-Hoc|x64.Build.0 = Debug|Any CPU
		{40E2AC32-E805-4D41-B101-97CC91693419}.Ad-Hoc|x86.ActiveCfg = Debug|Any CPU
		{40E2AC32-E805-4D41-B101-97CC91693419}.Ad-Hoc|x86.Build.0 = Debug|Any CPU
		{40E2AC32-E805-4D41-B101-97CC91693419}.AppStore|Any CPU.ActiveCfg = Release|Any CPU
		{40E2AC32-E805-4D41-B101-97CC91693419}.AppStore|Any CPU.Build.0 = Release|Any CPU
		{40E2AC32-E805-4D41-B101-97CC91693419}.AppStore|ARM.ActiveCfg = Debug|Any CPU
		{40E2AC32-E805-4D41-B101-97CC91693419}.AppStore|ARM.Build.0 = Debug|Any CPU
		{40E2AC32-E805-4D41-B101-97CC91693419}.AppStore|iPhone.ActiveCfg = Release|Any CPU
		{40E2AC32-E805-4D41-B101-97CC91693419}.AppStore|iPhone.Build.0 = Release|Any CPU
		{40E2AC32-E805-4D41-B101-97CC91693419}.AppStore|iPhoneSimulator.ActiveCfg = Release|Any CPU
		{40E2AC32-E805-4D41-B101-97CC91693419}.AppStore|iPhoneSimulator.Build.0 = Release|Any CPU
		{40E2AC32-E805-4D41-B101-97CC91693419}.AppStore|x64.ActiveCfg = Debug|Any CPU
		{40E2AC32-E805-4D41-B101-97CC91693419}.AppStore|x64.Build.0 = Debug|Any CPU
		{40E2AC32-E805-4D41-B101-97CC91693419}.AppStore|x86.ActiveCfg = Debug|Any CPU
		{40E2AC32-E805-4D41-B101-97CC91693419}.AppStore|x86.Build.0 = Debug|Any CPU
		{40E2AC32-E805-4D41-B101-97CC91693419}.Debug|Any CPU.ActiveCfg = Debug|Any CPU
		{40E2AC32-E805-4D41-B101-97CC91693419}.Debug|Any CPU.Build.0 = Debug|Any CPU
		{40E2AC32-E805-4D41-B101-97CC91693419}.Debug|ARM.ActiveCfg = Debug|Any CPU
		{40E2AC32-E805-4D41-B101-97CC91693419}.Debug|ARM.Build.0 = Debug|Any CPU
		{40E2AC32-E805-4D41-B101-97CC91693419}.Debug|iPhone.ActiveCfg = Debug|Any CPU
		{40E2AC32-E805-4D41-B101-97CC91693419}.Debug|iPhone.Build.0 = Debug|Any CPU
		{40E2AC32-E805-4D41-B101-97CC91693419}.Debug|iPhoneSimulator.ActiveCfg = Debug|Any CPU
		{40E2AC32-E805-4D41-B101-97CC91693419}.Debug|iPhoneSimulator.Build.0 = Debug|Any CPU
		{40E2AC32-E805-4D41-B101-97CC91693419}.Debug|x64.ActiveCfg = Debug|Any CPU
		{40E2AC32-E805-4D41-B101-97CC91693419}.Debug|x64.Build.0 = Debug|Any CPU
		{40E2AC32-E805-4D41-B101-97CC91693419}.Debug|x86.ActiveCfg = Debug|Any CPU
		{40E2AC32-E805-4D41-B101-97CC91693419}.Debug|x86.Build.0 = Debug|Any CPU
		{40E2AC32-E805-4D41-B101-97CC91693419}.Release|Any CPU.ActiveCfg = Release|Any CPU
		{40E2AC32-E805-4D41-B101-97CC91693419}.Release|Any CPU.Build.0 = Release|Any CPU
		{40E2AC32-E805-4D41-B101-97CC91693419}.Release|ARM.ActiveCfg = Release|Any CPU
		{40E2AC32-E805-4D41-B101-97CC91693419}.Release|ARM.Build.0 = Release|Any CPU
		{40E2AC32-E805-4D41-B101-97CC91693419}.Release|iPhone.ActiveCfg = Release|Any CPU
		{40E2AC32-E805-4D41-B101-97CC91693419}.Release|iPhone.Build.0 = Release|Any CPU
		{40E2AC32-E805-4D41-B101-97CC91693419}.Release|iPhoneSimulator.ActiveCfg = Release|Any CPU
		{40E2AC32-E805-4D41-B101-97CC91693419}.Release|iPhoneSimulator.Build.0 = Release|Any CPU
		{40E2AC32-E805-4D41-B101-97CC91693419}.Release|x64.ActiveCfg = Release|Any CPU
		{40E2AC32-E805-4D41-B101-97CC91693419}.Release|x64.Build.0 = Release|Any CPU
		{40E2AC32-E805-4D41-B101-97CC91693419}.Release|x86.ActiveCfg = Release|Any CPU
		{40E2AC32-E805-4D41-B101-97CC91693419}.Release|x86.Build.0 = Release|Any CPU
		{2C3487BC-A977-42D3-8A9F-C566722D88AB}.Ad-Hoc|Any CPU.ActiveCfg = Release|Any CPU
		{2C3487BC-A977-42D3-8A9F-C566722D88AB}.Ad-Hoc|Any CPU.Build.0 = Release|Any CPU
		{2C3487BC-A977-42D3-8A9F-C566722D88AB}.Ad-Hoc|ARM.ActiveCfg = Debug|Any CPU
		{2C3487BC-A977-42D3-8A9F-C566722D88AB}.Ad-Hoc|ARM.Build.0 = Debug|Any CPU
		{2C3487BC-A977-42D3-8A9F-C566722D88AB}.Ad-Hoc|iPhone.ActiveCfg = Release|Any CPU
		{2C3487BC-A977-42D3-8A9F-C566722D88AB}.Ad-Hoc|iPhone.Build.0 = Release|Any CPU
		{2C3487BC-A977-42D3-8A9F-C566722D88AB}.Ad-Hoc|iPhoneSimulator.ActiveCfg = Release|Any CPU
		{2C3487BC-A977-42D3-8A9F-C566722D88AB}.Ad-Hoc|iPhoneSimulator.Build.0 = Release|Any CPU
		{2C3487BC-A977-42D3-8A9F-C566722D88AB}.Ad-Hoc|x64.ActiveCfg = Debug|Any CPU
		{2C3487BC-A977-42D3-8A9F-C566722D88AB}.Ad-Hoc|x64.Build.0 = Debug|Any CPU
		{2C3487BC-A977-42D3-8A9F-C566722D88AB}.Ad-Hoc|x86.ActiveCfg = Debug|Any CPU
		{2C3487BC-A977-42D3-8A9F-C566722D88AB}.Ad-Hoc|x86.Build.0 = Debug|Any CPU
		{2C3487BC-A977-42D3-8A9F-C566722D88AB}.AppStore|Any CPU.ActiveCfg = Release|Any CPU
		{2C3487BC-A977-42D3-8A9F-C566722D88AB}.AppStore|Any CPU.Build.0 = Release|Any CPU
		{2C3487BC-A977-42D3-8A9F-C566722D88AB}.AppStore|ARM.ActiveCfg = Debug|Any CPU
		{2C3487BC-A977-42D3-8A9F-C566722D88AB}.AppStore|ARM.Build.0 = Debug|Any CPU
		{2C3487BC-A977-42D3-8A9F-C566722D88AB}.AppStore|iPhone.ActiveCfg = Release|Any CPU
		{2C3487BC-A977-42D3-8A9F-C566722D88AB}.AppStore|iPhone.Build.0 = Release|Any CPU
		{2C3487BC-A977-42D3-8A9F-C566722D88AB}.AppStore|iPhoneSimulator.ActiveCfg = Release|Any CPU
		{2C3487BC-A977-42D3-8A9F-C566722D88AB}.AppStore|iPhoneSimulator.Build.0 = Release|Any CPU
		{2C3487BC-A977-42D3-8A9F-C566722D88AB}.AppStore|x64.ActiveCfg = Debug|Any CPU
		{2C3487BC-A977-42D3-8A9F-C566722D88AB}.AppStore|x64.Build.0 = Debug|Any CPU
		{2C3487BC-A977-42D3-8A9F-C566722D88AB}.AppStore|x86.ActiveCfg = Debug|Any CPU
		{2C3487BC-A977-42D3-8A9F-C566722D88AB}.AppStore|x86.Build.0 = Debug|Any CPU
		{2C3487BC-A977-42D3-8A9F-C566722D88AB}.Debug|Any CPU.ActiveCfg = Debug|Any CPU
		{2C3487BC-A977-42D3-8A9F-C566722D88AB}.Debug|Any CPU.Build.0 = Debug|Any CPU
		{2C3487BC-A977-42D3-8A9F-C566722D88AB}.Debug|ARM.ActiveCfg = Debug|Any CPU
		{2C3487BC-A977-42D3-8A9F-C566722D88AB}.Debug|ARM.Build.0 = Debug|Any CPU
		{2C3487BC-A977-42D3-8A9F-C566722D88AB}.Debug|iPhone.ActiveCfg = Debug|Any CPU
		{2C3487BC-A977-42D3-8A9F-C566722D88AB}.Debug|iPhone.Build.0 = Debug|Any CPU
		{2C3487BC-A977-42D3-8A9F-C566722D88AB}.Debug|iPhoneSimulator.ActiveCfg = Debug|Any CPU
		{2C3487BC-A977-42D3-8A9F-C566722D88AB}.Debug|iPhoneSimulator.Build.0 = Debug|Any CPU
		{2C3487BC-A977-42D3-8A9F-C566722D88AB}.Debug|x64.ActiveCfg = Debug|Any CPU
		{2C3487BC-A977-42D3-8A9F-C566722D88AB}.Debug|x64.Build.0 = Debug|Any CPU
		{2C3487BC-A977-42D3-8A9F-C566722D88AB}.Debug|x86.ActiveCfg = Debug|Any CPU
		{2C3487BC-A977-42D3-8A9F-C566722D88AB}.Debug|x86.Build.0 = Debug|Any CPU
		{2C3487BC-A977-42D3-8A9F-C566722D88AB}.Release|Any CPU.ActiveCfg = Release|Any CPU
		{2C3487BC-A977-42D3-8A9F-C566722D88AB}.Release|Any CPU.Build.0 = Release|Any CPU
		{2C3487BC-A977-42D3-8A9F-C566722D88AB}.Release|ARM.ActiveCfg = Release|Any CPU
		{2C3487BC-A977-42D3-8A9F-C566722D88AB}.Release|ARM.Build.0 = Release|Any CPU
		{2C3487BC-A977-42D3-8A9F-C566722D88AB}.Release|iPhone.ActiveCfg = Release|Any CPU
		{2C3487BC-A977-42D3-8A9F-C566722D88AB}.Release|iPhone.Build.0 = Release|Any CPU
		{2C3487BC-A977-42D3-8A9F-C566722D88AB}.Release|iPhoneSimulator.ActiveCfg = Release|Any CPU
		{2C3487BC-A977-42D3-8A9F-C566722D88AB}.Release|iPhoneSimulator.Build.0 = Release|Any CPU
		{2C3487BC-A977-42D3-8A9F-C566722D88AB}.Release|x64.ActiveCfg = Release|Any CPU
		{2C3487BC-A977-42D3-8A9F-C566722D88AB}.Release|x64.Build.0 = Release|Any CPU
		{2C3487BC-A977-42D3-8A9F-C566722D88AB}.Release|x86.ActiveCfg = Release|Any CPU
		{2C3487BC-A977-42D3-8A9F-C566722D88AB}.Release|x86.Build.0 = Release|Any CPU
		{310FF497-88A8-4C91-B7A4-C0AB74DC53EF}.Ad-Hoc|Any CPU.ActiveCfg = Release|x64
		{310FF497-88A8-4C91-B7A4-C0AB74DC53EF}.Ad-Hoc|Any CPU.Build.0 = Release|x64
		{310FF497-88A8-4C91-B7A4-C0AB74DC53EF}.Ad-Hoc|Any CPU.Deploy.0 = Release|x64
		{310FF497-88A8-4C91-B7A4-C0AB74DC53EF}.Ad-Hoc|ARM.ActiveCfg = Release|ARM
		{310FF497-88A8-4C91-B7A4-C0AB74DC53EF}.Ad-Hoc|ARM.Build.0 = Release|ARM
		{310FF497-88A8-4C91-B7A4-C0AB74DC53EF}.Ad-Hoc|ARM.Deploy.0 = Release|ARM
		{310FF497-88A8-4C91-B7A4-C0AB74DC53EF}.Ad-Hoc|iPhone.ActiveCfg = Release|x64
		{310FF497-88A8-4C91-B7A4-C0AB74DC53EF}.Ad-Hoc|iPhone.Build.0 = Release|x64
		{310FF497-88A8-4C91-B7A4-C0AB74DC53EF}.Ad-Hoc|iPhone.Deploy.0 = Release|x64
		{310FF497-88A8-4C91-B7A4-C0AB74DC53EF}.Ad-Hoc|iPhoneSimulator.ActiveCfg = Release|x64
		{310FF497-88A8-4C91-B7A4-C0AB74DC53EF}.Ad-Hoc|iPhoneSimulator.Build.0 = Release|x64
		{310FF497-88A8-4C91-B7A4-C0AB74DC53EF}.Ad-Hoc|iPhoneSimulator.Deploy.0 = Release|x64
		{310FF497-88A8-4C91-B7A4-C0AB74DC53EF}.Ad-Hoc|x64.ActiveCfg = Release|x64
		{310FF497-88A8-4C91-B7A4-C0AB74DC53EF}.Ad-Hoc|x64.Build.0 = Release|x64
		{310FF497-88A8-4C91-B7A4-C0AB74DC53EF}.Ad-Hoc|x64.Deploy.0 = Release|x64
		{310FF497-88A8-4C91-B7A4-C0AB74DC53EF}.Ad-Hoc|x86.ActiveCfg = Release|x64
		{310FF497-88A8-4C91-B7A4-C0AB74DC53EF}.Ad-Hoc|x86.Build.0 = Release|x64
		{310FF497-88A8-4C91-B7A4-C0AB74DC53EF}.Ad-Hoc|x86.Deploy.0 = Release|x64
		{310FF497-88A8-4C91-B7A4-C0AB74DC53EF}.AppStore|Any CPU.ActiveCfg = Release|x64
		{310FF497-88A8-4C91-B7A4-C0AB74DC53EF}.AppStore|Any CPU.Build.0 = Release|x64
		{310FF497-88A8-4C91-B7A4-C0AB74DC53EF}.AppStore|Any CPU.Deploy.0 = Release|x64
		{310FF497-88A8-4C91-B7A4-C0AB74DC53EF}.AppStore|ARM.ActiveCfg = Release|ARM
		{310FF497-88A8-4C91-B7A4-C0AB74DC53EF}.AppStore|ARM.Build.0 = Release|ARM
		{310FF497-88A8-4C91-B7A4-C0AB74DC53EF}.AppStore|ARM.Deploy.0 = Release|ARM
		{310FF497-88A8-4C91-B7A4-C0AB74DC53EF}.AppStore|iPhone.ActiveCfg = Release|x64
		{310FF497-88A8-4C91-B7A4-C0AB74DC53EF}.AppStore|iPhone.Build.0 = Release|x64
		{310FF497-88A8-4C91-B7A4-C0AB74DC53EF}.AppStore|iPhone.Deploy.0 = Release|x64
		{310FF497-88A8-4C91-B7A4-C0AB74DC53EF}.AppStore|iPhoneSimulator.ActiveCfg = Release|x64
		{310FF497-88A8-4C91-B7A4-C0AB74DC53EF}.AppStore|iPhoneSimulator.Build.0 = Release|x64
		{310FF497-88A8-4C91-B7A4-C0AB74DC53EF}.AppStore|iPhoneSimulator.Deploy.0 = Release|x64
		{310FF497-88A8-4C91-B7A4-C0AB74DC53EF}.AppStore|x64.ActiveCfg = Release|x64
		{310FF497-88A8-4C91-B7A4-C0AB74DC53EF}.AppStore|x64.Build.0 = Release|x64
		{310FF497-88A8-4C91-B7A4-C0AB74DC53EF}.AppStore|x64.Deploy.0 = Release|x64
		{310FF497-88A8-4C91-B7A4-C0AB74DC53EF}.AppStore|x86.ActiveCfg = Release|x64
		{310FF497-88A8-4C91-B7A4-C0AB74DC53EF}.AppStore|x86.Build.0 = Release|x64
		{310FF497-88A8-4C91-B7A4-C0AB74DC53EF}.AppStore|x86.Deploy.0 = Release|x64
		{310FF497-88A8-4C91-B7A4-C0AB74DC53EF}.Debug|Any CPU.ActiveCfg = Debug|x86
		{310FF497-88A8-4C91-B7A4-C0AB74DC53EF}.Debug|Any CPU.Build.0 = Debug|x86
		{310FF497-88A8-4C91-B7A4-C0AB74DC53EF}.Debug|Any CPU.Deploy.0 = Debug|x86
		{310FF497-88A8-4C91-B7A4-C0AB74DC53EF}.Debug|ARM.ActiveCfg = Debug|ARM
		{310FF497-88A8-4C91-B7A4-C0AB74DC53EF}.Debug|ARM.Build.0 = Debug|ARM
		{310FF497-88A8-4C91-B7A4-C0AB74DC53EF}.Debug|ARM.Deploy.0 = Debug|ARM
		{310FF497-88A8-4C91-B7A4-C0AB74DC53EF}.Debug|iPhone.ActiveCfg = Debug|x86
		{310FF497-88A8-4C91-B7A4-C0AB74DC53EF}.Debug|iPhoneSimulator.ActiveCfg = Debug|x86
		{310FF497-88A8-4C91-B7A4-C0AB74DC53EF}.Debug|x64.ActiveCfg = Debug|x64
		{310FF497-88A8-4C91-B7A4-C0AB74DC53EF}.Debug|x64.Build.0 = Debug|x64
		{310FF497-88A8-4C91-B7A4-C0AB74DC53EF}.Debug|x64.Deploy.0 = Debug|x64
		{310FF497-88A8-4C91-B7A4-C0AB74DC53EF}.Debug|x86.ActiveCfg = Debug|x64
		{310FF497-88A8-4C91-B7A4-C0AB74DC53EF}.Debug|x86.Build.0 = Debug|x64
		{310FF497-88A8-4C91-B7A4-C0AB74DC53EF}.Debug|x86.Deploy.0 = Debug|x64
		{310FF497-88A8-4C91-B7A4-C0AB74DC53EF}.Release|Any CPU.ActiveCfg = Release|x86
		{310FF497-88A8-4C91-B7A4-C0AB74DC53EF}.Release|Any CPU.Build.0 = Release|x86
		{310FF497-88A8-4C91-B7A4-C0AB74DC53EF}.Release|Any CPU.Deploy.0 = Release|x86
		{310FF497-88A8-4C91-B7A4-C0AB74DC53EF}.Release|ARM.ActiveCfg = Release|ARM
		{310FF497-88A8-4C91-B7A4-C0AB74DC53EF}.Release|ARM.Build.0 = Release|ARM
		{310FF497-88A8-4C91-B7A4-C0AB74DC53EF}.Release|ARM.Deploy.0 = Release|ARM
		{310FF497-88A8-4C91-B7A4-C0AB74DC53EF}.Release|iPhone.ActiveCfg = Release|x86
		{310FF497-88A8-4C91-B7A4-C0AB74DC53EF}.Release|iPhoneSimulator.ActiveCfg = Release|x86
		{310FF497-88A8-4C91-B7A4-C0AB74DC53EF}.Release|x64.ActiveCfg = Release|x64
		{310FF497-88A8-4C91-B7A4-C0AB74DC53EF}.Release|x64.Build.0 = Release|x64
		{310FF497-88A8-4C91-B7A4-C0AB74DC53EF}.Release|x64.Deploy.0 = Release|x64
		{310FF497-88A8-4C91-B7A4-C0AB74DC53EF}.Release|x86.ActiveCfg = Release|x64
		{310FF497-88A8-4C91-B7A4-C0AB74DC53EF}.Release|x86.Build.0 = Release|x64
		{310FF497-88A8-4C91-B7A4-C0AB74DC53EF}.Release|x86.Deploy.0 = Release|x64
		{A56EADF4-BBDE-48C2-BB8E-7A5B5929AC7E}.Ad-Hoc|Any CPU.ActiveCfg = Debug|Any CPU
		{A56EADF4-BBDE-48C2-BB8E-7A5B5929AC7E}.Ad-Hoc|Any CPU.Build.0 = Debug|Any CPU
		{A56EADF4-BBDE-48C2-BB8E-7A5B5929AC7E}.Ad-Hoc|Any CPU.Deploy.0 = Debug|Any CPU
		{A56EADF4-BBDE-48C2-BB8E-7A5B5929AC7E}.Ad-Hoc|ARM.ActiveCfg = Debug|Any CPU
		{A56EADF4-BBDE-48C2-BB8E-7A5B5929AC7E}.Ad-Hoc|ARM.Build.0 = Debug|Any CPU
		{A56EADF4-BBDE-48C2-BB8E-7A5B5929AC7E}.Ad-Hoc|iPhone.ActiveCfg = Debug|Any CPU
		{A56EADF4-BBDE-48C2-BB8E-7A5B5929AC7E}.Ad-Hoc|iPhone.Build.0 = Debug|Any CPU
		{A56EADF4-BBDE-48C2-BB8E-7A5B5929AC7E}.Ad-Hoc|iPhoneSimulator.ActiveCfg = Debug|Any CPU
		{A56EADF4-BBDE-48C2-BB8E-7A5B5929AC7E}.Ad-Hoc|iPhoneSimulator.Build.0 = Debug|Any CPU
		{A56EADF4-BBDE-48C2-BB8E-7A5B5929AC7E}.Ad-Hoc|x64.ActiveCfg = Debug|Any CPU
		{A56EADF4-BBDE-48C2-BB8E-7A5B5929AC7E}.Ad-Hoc|x64.Build.0 = Debug|Any CPU
		{A56EADF4-BBDE-48C2-BB8E-7A5B5929AC7E}.Ad-Hoc|x86.ActiveCfg = Debug|Any CPU
		{A56EADF4-BBDE-48C2-BB8E-7A5B5929AC7E}.Ad-Hoc|x86.Build.0 = Debug|Any CPU
		{A56EADF4-BBDE-48C2-BB8E-7A5B5929AC7E}.AppStore|Any CPU.ActiveCfg = Debug|Any CPU
		{A56EADF4-BBDE-48C2-BB8E-7A5B5929AC7E}.AppStore|Any CPU.Build.0 = Debug|Any CPU
		{A56EADF4-BBDE-48C2-BB8E-7A5B5929AC7E}.AppStore|Any CPU.Deploy.0 = Debug|Any CPU
		{A56EADF4-BBDE-48C2-BB8E-7A5B5929AC7E}.AppStore|ARM.ActiveCfg = Debug|Any CPU
		{A56EADF4-BBDE-48C2-BB8E-7A5B5929AC7E}.AppStore|ARM.Build.0 = Debug|Any CPU
		{A56EADF4-BBDE-48C2-BB8E-7A5B5929AC7E}.AppStore|iPhone.ActiveCfg = Debug|Any CPU
		{A56EADF4-BBDE-48C2-BB8E-7A5B5929AC7E}.AppStore|iPhone.Build.0 = Debug|Any CPU
		{A56EADF4-BBDE-48C2-BB8E-7A5B5929AC7E}.AppStore|iPhoneSimulator.ActiveCfg = Debug|Any CPU
		{A56EADF4-BBDE-48C2-BB8E-7A5B5929AC7E}.AppStore|iPhoneSimulator.Build.0 = Debug|Any CPU
		{A56EADF4-BBDE-48C2-BB8E-7A5B5929AC7E}.AppStore|x64.ActiveCfg = Debug|Any CPU
		{A56EADF4-BBDE-48C2-BB8E-7A5B5929AC7E}.AppStore|x64.Build.0 = Debug|Any CPU
		{A56EADF4-BBDE-48C2-BB8E-7A5B5929AC7E}.AppStore|x86.ActiveCfg = Debug|Any CPU
		{A56EADF4-BBDE-48C2-BB8E-7A5B5929AC7E}.AppStore|x86.Build.0 = Debug|Any CPU
		{A56EADF4-BBDE-48C2-BB8E-7A5B5929AC7E}.Debug|Any CPU.ActiveCfg = Debug|Any CPU
		{A56EADF4-BBDE-48C2-BB8E-7A5B5929AC7E}.Debug|Any CPU.Build.0 = Debug|Any CPU
		{A56EADF4-BBDE-48C2-BB8E-7A5B5929AC7E}.Debug|Any CPU.Deploy.0 = Debug|Any CPU
		{A56EADF4-BBDE-48C2-BB8E-7A5B5929AC7E}.Debug|ARM.ActiveCfg = Debug|Any CPU
		{A56EADF4-BBDE-48C2-BB8E-7A5B5929AC7E}.Debug|ARM.Build.0 = Debug|Any CPU
		{A56EADF4-BBDE-48C2-BB8E-7A5B5929AC7E}.Debug|iPhone.ActiveCfg = Debug|Any CPU
		{A56EADF4-BBDE-48C2-BB8E-7A5B5929AC7E}.Debug|iPhone.Build.0 = Debug|Any CPU
		{A56EADF4-BBDE-48C2-BB8E-7A5B5929AC7E}.Debug|iPhoneSimulator.ActiveCfg = Debug|Any CPU
		{A56EADF4-BBDE-48C2-BB8E-7A5B5929AC7E}.Debug|iPhoneSimulator.Build.0 = Debug|Any CPU
		{A56EADF4-BBDE-48C2-BB8E-7A5B5929AC7E}.Debug|x64.ActiveCfg = Debug|Any CPU
		{A56EADF4-BBDE-48C2-BB8E-7A5B5929AC7E}.Debug|x64.Build.0 = Debug|Any CPU
		{A56EADF4-BBDE-48C2-BB8E-7A5B5929AC7E}.Debug|x86.ActiveCfg = Debug|Any CPU
		{A56EADF4-BBDE-48C2-BB8E-7A5B5929AC7E}.Debug|x86.Build.0 = Debug|Any CPU
		{A56EADF4-BBDE-48C2-BB8E-7A5B5929AC7E}.Release|Any CPU.ActiveCfg = Release|Any CPU
		{A56EADF4-BBDE-48C2-BB8E-7A5B5929AC7E}.Release|Any CPU.Build.0 = Release|Any CPU
		{A56EADF4-BBDE-48C2-BB8E-7A5B5929AC7E}.Release|Any CPU.Deploy.0 = Release|Any CPU
		{A56EADF4-BBDE-48C2-BB8E-7A5B5929AC7E}.Release|ARM.ActiveCfg = Release|Any CPU
		{A56EADF4-BBDE-48C2-BB8E-7A5B5929AC7E}.Release|ARM.Build.0 = Release|Any CPU
		{A56EADF4-BBDE-48C2-BB8E-7A5B5929AC7E}.Release|iPhone.ActiveCfg = Release|Any CPU
		{A56EADF4-BBDE-48C2-BB8E-7A5B5929AC7E}.Release|iPhone.Build.0 = Release|Any CPU
		{A56EADF4-BBDE-48C2-BB8E-7A5B5929AC7E}.Release|iPhoneSimulator.ActiveCfg = Release|Any CPU
		{A56EADF4-BBDE-48C2-BB8E-7A5B5929AC7E}.Release|iPhoneSimulator.Build.0 = Release|Any CPU
		{A56EADF4-BBDE-48C2-BB8E-7A5B5929AC7E}.Release|x64.ActiveCfg = Release|Any CPU
		{A56EADF4-BBDE-48C2-BB8E-7A5B5929AC7E}.Release|x64.Build.0 = Release|Any CPU
		{A56EADF4-BBDE-48C2-BB8E-7A5B5929AC7E}.Release|x86.ActiveCfg = Release|Any CPU
		{A56EADF4-BBDE-48C2-BB8E-7A5B5929AC7E}.Release|x86.Build.0 = Release|Any CPU
		{6E75D731-3C20-4A68-8A3C-72C7EB9CDBB5}.Ad-Hoc|Any CPU.ActiveCfg = Debug|Any CPU
		{6E75D731-3C20-4A68-8A3C-72C7EB9CDBB5}.Ad-Hoc|Any CPU.Build.0 = Debug|Any CPU
		{6E75D731-3C20-4A68-8A3C-72C7EB9CDBB5}.Ad-Hoc|Any CPU.Deploy.0 = Debug|Any CPU
		{6E75D731-3C20-4A68-8A3C-72C7EB9CDBB5}.Ad-Hoc|ARM.ActiveCfg = Debug|Any CPU
		{6E75D731-3C20-4A68-8A3C-72C7EB9CDBB5}.Ad-Hoc|ARM.Build.0 = Debug|Any CPU
		{6E75D731-3C20-4A68-8A3C-72C7EB9CDBB5}.Ad-Hoc|iPhone.ActiveCfg = Debug|Any CPU
		{6E75D731-3C20-4A68-8A3C-72C7EB9CDBB5}.Ad-Hoc|iPhone.Build.0 = Debug|Any CPU
		{6E75D731-3C20-4A68-8A3C-72C7EB9CDBB5}.Ad-Hoc|iPhoneSimulator.ActiveCfg = Debug|Any CPU
		{6E75D731-3C20-4A68-8A3C-72C7EB9CDBB5}.Ad-Hoc|iPhoneSimulator.Build.0 = Debug|Any CPU
		{6E75D731-3C20-4A68-8A3C-72C7EB9CDBB5}.Ad-Hoc|x64.ActiveCfg = Debug|Any CPU
		{6E75D731-3C20-4A68-8A3C-72C7EB9CDBB5}.Ad-Hoc|x64.Build.0 = Debug|Any CPU
		{6E75D731-3C20-4A68-8A3C-72C7EB9CDBB5}.Ad-Hoc|x86.ActiveCfg = Debug|Any CPU
		{6E75D731-3C20-4A68-8A3C-72C7EB9CDBB5}.Ad-Hoc|x86.Build.0 = Debug|Any CPU
		{6E75D731-3C20-4A68-8A3C-72C7EB9CDBB5}.AppStore|Any CPU.ActiveCfg = Debug|Any CPU
		{6E75D731-3C20-4A68-8A3C-72C7EB9CDBB5}.AppStore|Any CPU.Build.0 = Debug|Any CPU
		{6E75D731-3C20-4A68-8A3C-72C7EB9CDBB5}.AppStore|Any CPU.Deploy.0 = Debug|Any CPU
		{6E75D731-3C20-4A68-8A3C-72C7EB9CDBB5}.AppStore|ARM.ActiveCfg = Debug|Any CPU
		{6E75D731-3C20-4A68-8A3C-72C7EB9CDBB5}.AppStore|ARM.Build.0 = Debug|Any CPU
		{6E75D731-3C20-4A68-8A3C-72C7EB9CDBB5}.AppStore|iPhone.ActiveCfg = Debug|Any CPU
		{6E75D731-3C20-4A68-8A3C-72C7EB9CDBB5}.AppStore|iPhone.Build.0 = Debug|Any CPU
		{6E75D731-3C20-4A68-8A3C-72C7EB9CDBB5}.AppStore|iPhoneSimulator.ActiveCfg = Debug|Any CPU
		{6E75D731-3C20-4A68-8A3C-72C7EB9CDBB5}.AppStore|iPhoneSimulator.Build.0 = Debug|Any CPU
		{6E75D731-3C20-4A68-8A3C-72C7EB9CDBB5}.AppStore|x64.ActiveCfg = Debug|Any CPU
		{6E75D731-3C20-4A68-8A3C-72C7EB9CDBB5}.AppStore|x64.Build.0 = Debug|Any CPU
		{6E75D731-3C20-4A68-8A3C-72C7EB9CDBB5}.AppStore|x86.ActiveCfg = Debug|Any CPU
		{6E75D731-3C20-4A68-8A3C-72C7EB9CDBB5}.AppStore|x86.Build.0 = Debug|Any CPU
		{6E75D731-3C20-4A68-8A3C-72C7EB9CDBB5}.Debug|Any CPU.ActiveCfg = Debug|Any CPU
		{6E75D731-3C20-4A68-8A3C-72C7EB9CDBB5}.Debug|Any CPU.Build.0 = Debug|Any CPU
		{6E75D731-3C20-4A68-8A3C-72C7EB9CDBB5}.Debug|Any CPU.Deploy.0 = Debug|Any CPU
		{6E75D731-3C20-4A68-8A3C-72C7EB9CDBB5}.Debug|ARM.ActiveCfg = Debug|Any CPU
		{6E75D731-3C20-4A68-8A3C-72C7EB9CDBB5}.Debug|ARM.Build.0 = Debug|Any CPU
		{6E75D731-3C20-4A68-8A3C-72C7EB9CDBB5}.Debug|iPhone.ActiveCfg = Debug|Any CPU
		{6E75D731-3C20-4A68-8A3C-72C7EB9CDBB5}.Debug|iPhone.Build.0 = Debug|Any CPU
		{6E75D731-3C20-4A68-8A3C-72C7EB9CDBB5}.Debug|iPhoneSimulator.ActiveCfg = Debug|Any CPU
		{6E75D731-3C20-4A68-8A3C-72C7EB9CDBB5}.Debug|iPhoneSimulator.Build.0 = Debug|Any CPU
		{6E75D731-3C20-4A68-8A3C-72C7EB9CDBB5}.Debug|x64.ActiveCfg = Debug|Any CPU
		{6E75D731-3C20-4A68-8A3C-72C7EB9CDBB5}.Debug|x64.Build.0 = Debug|Any CPU
		{6E75D731-3C20-4A68-8A3C-72C7EB9CDBB5}.Debug|x86.ActiveCfg = Debug|Any CPU
		{6E75D731-3C20-4A68-8A3C-72C7EB9CDBB5}.Debug|x86.Build.0 = Debug|Any CPU
		{6E75D731-3C20-4A68-8A3C-72C7EB9CDBB5}.Release|Any CPU.ActiveCfg = Release|Any CPU
		{6E75D731-3C20-4A68-8A3C-72C7EB9CDBB5}.Release|Any CPU.Build.0 = Release|Any CPU
		{6E75D731-3C20-4A68-8A3C-72C7EB9CDBB5}.Release|Any CPU.Deploy.0 = Release|Any CPU
		{6E75D731-3C20-4A68-8A3C-72C7EB9CDBB5}.Release|ARM.ActiveCfg = Release|Any CPU
		{6E75D731-3C20-4A68-8A3C-72C7EB9CDBB5}.Release|ARM.Build.0 = Release|Any CPU
		{6E75D731-3C20-4A68-8A3C-72C7EB9CDBB5}.Release|iPhone.ActiveCfg = Release|Any CPU
		{6E75D731-3C20-4A68-8A3C-72C7EB9CDBB5}.Release|iPhone.Build.0 = Release|Any CPU
		{6E75D731-3C20-4A68-8A3C-72C7EB9CDBB5}.Release|iPhoneSimulator.ActiveCfg = Release|Any CPU
		{6E75D731-3C20-4A68-8A3C-72C7EB9CDBB5}.Release|iPhoneSimulator.Build.0 = Release|Any CPU
		{6E75D731-3C20-4A68-8A3C-72C7EB9CDBB5}.Release|x64.ActiveCfg = Release|Any CPU
		{6E75D731-3C20-4A68-8A3C-72C7EB9CDBB5}.Release|x64.Build.0 = Release|Any CPU
		{6E75D731-3C20-4A68-8A3C-72C7EB9CDBB5}.Release|x86.ActiveCfg = Release|Any CPU
		{6E75D731-3C20-4A68-8A3C-72C7EB9CDBB5}.Release|x86.Build.0 = Release|Any CPU
		{A8AFF6F7-7346-4CB7-9A0A-9BEA567D7CE5}.Ad-Hoc|Any CPU.ActiveCfg = Debug|Any CPU
		{A8AFF6F7-7346-4CB7-9A0A-9BEA567D7CE5}.Ad-Hoc|Any CPU.Build.0 = Debug|Any CPU
		{A8AFF6F7-7346-4CB7-9A0A-9BEA567D7CE5}.Ad-Hoc|ARM.ActiveCfg = Debug|Any CPU
		{A8AFF6F7-7346-4CB7-9A0A-9BEA567D7CE5}.Ad-Hoc|ARM.Build.0 = Debug|Any CPU
		{A8AFF6F7-7346-4CB7-9A0A-9BEA567D7CE5}.Ad-Hoc|iPhone.ActiveCfg = Debug|Any CPU
		{A8AFF6F7-7346-4CB7-9A0A-9BEA567D7CE5}.Ad-Hoc|iPhone.Build.0 = Debug|Any CPU
		{A8AFF6F7-7346-4CB7-9A0A-9BEA567D7CE5}.Ad-Hoc|iPhoneSimulator.ActiveCfg = Debug|Any CPU
		{A8AFF6F7-7346-4CB7-9A0A-9BEA567D7CE5}.Ad-Hoc|iPhoneSimulator.Build.0 = Debug|Any CPU
		{A8AFF6F7-7346-4CB7-9A0A-9BEA567D7CE5}.Ad-Hoc|x64.ActiveCfg = Debug|Any CPU
		{A8AFF6F7-7346-4CB7-9A0A-9BEA567D7CE5}.Ad-Hoc|x64.Build.0 = Debug|Any CPU
		{A8AFF6F7-7346-4CB7-9A0A-9BEA567D7CE5}.Ad-Hoc|x86.ActiveCfg = Debug|Any CPU
		{A8AFF6F7-7346-4CB7-9A0A-9BEA567D7CE5}.Ad-Hoc|x86.Build.0 = Debug|Any CPU
		{A8AFF6F7-7346-4CB7-9A0A-9BEA567D7CE5}.AppStore|Any CPU.ActiveCfg = Debug|Any CPU
		{A8AFF6F7-7346-4CB7-9A0A-9BEA567D7CE5}.AppStore|Any CPU.Build.0 = Debug|Any CPU
		{A8AFF6F7-7346-4CB7-9A0A-9BEA567D7CE5}.AppStore|ARM.ActiveCfg = Debug|Any CPU
		{A8AFF6F7-7346-4CB7-9A0A-9BEA567D7CE5}.AppStore|ARM.Build.0 = Debug|Any CPU
		{A8AFF6F7-7346-4CB7-9A0A-9BEA567D7CE5}.AppStore|iPhone.ActiveCfg = Debug|Any CPU
		{A8AFF6F7-7346-4CB7-9A0A-9BEA567D7CE5}.AppStore|iPhone.Build.0 = Debug|Any CPU
		{A8AFF6F7-7346-4CB7-9A0A-9BEA567D7CE5}.AppStore|iPhoneSimulator.ActiveCfg = Debug|Any CPU
		{A8AFF6F7-7346-4CB7-9A0A-9BEA567D7CE5}.AppStore|iPhoneSimulator.Build.0 = Debug|Any CPU
		{A8AFF6F7-7346-4CB7-9A0A-9BEA567D7CE5}.AppStore|x64.ActiveCfg = Debug|Any CPU
		{A8AFF6F7-7346-4CB7-9A0A-9BEA567D7CE5}.AppStore|x64.Build.0 = Debug|Any CPU
		{A8AFF6F7-7346-4CB7-9A0A-9BEA567D7CE5}.AppStore|x86.ActiveCfg = Debug|Any CPU
		{A8AFF6F7-7346-4CB7-9A0A-9BEA567D7CE5}.AppStore|x86.Build.0 = Debug|Any CPU
		{A8AFF6F7-7346-4CB7-9A0A-9BEA567D7CE5}.Debug|Any CPU.ActiveCfg = Debug|Any CPU
		{A8AFF6F7-7346-4CB7-9A0A-9BEA567D7CE5}.Debug|Any CPU.Build.0 = Debug|Any CPU
		{A8AFF6F7-7346-4CB7-9A0A-9BEA567D7CE5}.Debug|ARM.ActiveCfg = Debug|Any CPU
		{A8AFF6F7-7346-4CB7-9A0A-9BEA567D7CE5}.Debug|ARM.Build.0 = Debug|Any CPU
		{A8AFF6F7-7346-4CB7-9A0A-9BEA567D7CE5}.Debug|iPhone.ActiveCfg = Debug|Any CPU
		{A8AFF6F7-7346-4CB7-9A0A-9BEA567D7CE5}.Debug|iPhone.Build.0 = Debug|Any CPU
		{A8AFF6F7-7346-4CB7-9A0A-9BEA567D7CE5}.Debug|iPhoneSimulator.ActiveCfg = Debug|Any CPU
		{A8AFF6F7-7346-4CB7-9A0A-9BEA567D7CE5}.Debug|iPhoneSimulator.Build.0 = Debug|Any CPU
		{A8AFF6F7-7346-4CB7-9A0A-9BEA567D7CE5}.Debug|x64.ActiveCfg = Debug|Any CPU
		{A8AFF6F7-7346-4CB7-9A0A-9BEA567D7CE5}.Debug|x64.Build.0 = Debug|Any CPU
		{A8AFF6F7-7346-4CB7-9A0A-9BEA567D7CE5}.Debug|x86.ActiveCfg = Debug|Any CPU
		{A8AFF6F7-7346-4CB7-9A0A-9BEA567D7CE5}.Debug|x86.Build.0 = Debug|Any CPU
		{A8AFF6F7-7346-4CB7-9A0A-9BEA567D7CE5}.Release|Any CPU.ActiveCfg = Release|Any CPU
		{A8AFF6F7-7346-4CB7-9A0A-9BEA567D7CE5}.Release|Any CPU.Build.0 = Release|Any CPU
		{A8AFF6F7-7346-4CB7-9A0A-9BEA567D7CE5}.Release|ARM.ActiveCfg = Release|Any CPU
		{A8AFF6F7-7346-4CB7-9A0A-9BEA567D7CE5}.Release|ARM.Build.0 = Release|Any CPU
		{A8AFF6F7-7346-4CB7-9A0A-9BEA567D7CE5}.Release|iPhone.ActiveCfg = Release|Any CPU
		{A8AFF6F7-7346-4CB7-9A0A-9BEA567D7CE5}.Release|iPhone.Build.0 = Release|Any CPU
		{A8AFF6F7-7346-4CB7-9A0A-9BEA567D7CE5}.Release|iPhoneSimulator.ActiveCfg = Release|Any CPU
		{A8AFF6F7-7346-4CB7-9A0A-9BEA567D7CE5}.Release|iPhoneSimulator.Build.0 = Release|Any CPU
		{A8AFF6F7-7346-4CB7-9A0A-9BEA567D7CE5}.Release|x64.ActiveCfg = Release|Any CPU
		{A8AFF6F7-7346-4CB7-9A0A-9BEA567D7CE5}.Release|x64.Build.0 = Release|Any CPU
		{A8AFF6F7-7346-4CB7-9A0A-9BEA567D7CE5}.Release|x86.ActiveCfg = Release|Any CPU
		{A8AFF6F7-7346-4CB7-9A0A-9BEA567D7CE5}.Release|x86.Build.0 = Release|Any CPU
		{CBF63B61-615C-4733-89D5-D4A414F94062}.Ad-Hoc|Any CPU.ActiveCfg = Debug|Any CPU
		{CBF63B61-615C-4733-89D5-D4A414F94062}.Ad-Hoc|Any CPU.Build.0 = Debug|Any CPU
		{CBF63B61-615C-4733-89D5-D4A414F94062}.Ad-Hoc|ARM.ActiveCfg = Debug|Any CPU
		{CBF63B61-615C-4733-89D5-D4A414F94062}.Ad-Hoc|ARM.Build.0 = Debug|Any CPU
		{CBF63B61-615C-4733-89D5-D4A414F94062}.Ad-Hoc|iPhone.ActiveCfg = Debug|Any CPU
		{CBF63B61-615C-4733-89D5-D4A414F94062}.Ad-Hoc|iPhone.Build.0 = Debug|Any CPU
		{CBF63B61-615C-4733-89D5-D4A414F94062}.Ad-Hoc|iPhoneSimulator.ActiveCfg = Debug|Any CPU
		{CBF63B61-615C-4733-89D5-D4A414F94062}.Ad-Hoc|iPhoneSimulator.Build.0 = Debug|Any CPU
		{CBF63B61-615C-4733-89D5-D4A414F94062}.Ad-Hoc|x64.ActiveCfg = Debug|Any CPU
		{CBF63B61-615C-4733-89D5-D4A414F94062}.Ad-Hoc|x64.Build.0 = Debug|Any CPU
		{CBF63B61-615C-4733-89D5-D4A414F94062}.Ad-Hoc|x86.ActiveCfg = Debug|Any CPU
		{CBF63B61-615C-4733-89D5-D4A414F94062}.Ad-Hoc|x86.Build.0 = Debug|Any CPU
		{CBF63B61-615C-4733-89D5-D4A414F94062}.AppStore|Any CPU.ActiveCfg = Debug|Any CPU
		{CBF63B61-615C-4733-89D5-D4A414F94062}.AppStore|Any CPU.Build.0 = Debug|Any CPU
		{CBF63B61-615C-4733-89D5-D4A414F94062}.AppStore|ARM.ActiveCfg = Debug|Any CPU
		{CBF63B61-615C-4733-89D5-D4A414F94062}.AppStore|ARM.Build.0 = Debug|Any CPU
		{CBF63B61-615C-4733-89D5-D4A414F94062}.AppStore|iPhone.ActiveCfg = Debug|Any CPU
		{CBF63B61-615C-4733-89D5-D4A414F94062}.AppStore|iPhone.Build.0 = Debug|Any CPU
		{CBF63B61-615C-4733-89D5-D4A414F94062}.AppStore|iPhoneSimulator.ActiveCfg = Debug|Any CPU
		{CBF63B61-615C-4733-89D5-D4A414F94062}.AppStore|iPhoneSimulator.Build.0 = Debug|Any CPU
		{CBF63B61-615C-4733-89D5-D4A414F94062}.AppStore|x64.ActiveCfg = Debug|Any CPU
		{CBF63B61-615C-4733-89D5-D4A414F94062}.AppStore|x64.Build.0 = Debug|Any CPU
		{CBF63B61-615C-4733-89D5-D4A414F94062}.AppStore|x86.ActiveCfg = Debug|Any CPU
		{CBF63B61-615C-4733-89D5-D4A414F94062}.AppStore|x86.Build.0 = Debug|Any CPU
		{CBF63B61-615C-4733-89D5-D4A414F94062}.Debug|Any CPU.ActiveCfg = Debug|Any CPU
		{CBF63B61-615C-4733-89D5-D4A414F94062}.Debug|Any CPU.Build.0 = Debug|Any CPU
		{CBF63B61-615C-4733-89D5-D4A414F94062}.Debug|ARM.ActiveCfg = Debug|Any CPU
		{CBF63B61-615C-4733-89D5-D4A414F94062}.Debug|ARM.Build.0 = Debug|Any CPU
		{CBF63B61-615C-4733-89D5-D4A414F94062}.Debug|iPhone.ActiveCfg = Debug|Any CPU
		{CBF63B61-615C-4733-89D5-D4A414F94062}.Debug|iPhone.Build.0 = Debug|Any CPU
		{CBF63B61-615C-4733-89D5-D4A414F94062}.Debug|iPhoneSimulator.ActiveCfg = Debug|Any CPU
		{CBF63B61-615C-4733-89D5-D4A414F94062}.Debug|iPhoneSimulator.Build.0 = Debug|Any CPU
		{CBF63B61-615C-4733-89D5-D4A414F94062}.Debug|x64.ActiveCfg = Debug|Any CPU
		{CBF63B61-615C-4733-89D5-D4A414F94062}.Debug|x64.Build.0 = Debug|Any CPU
		{CBF63B61-615C-4733-89D5-D4A414F94062}.Debug|x86.ActiveCfg = Debug|Any CPU
		{CBF63B61-615C-4733-89D5-D4A414F94062}.Debug|x86.Build.0 = Debug|Any CPU
		{CBF63B61-615C-4733-89D5-D4A414F94062}.Release|Any CPU.ActiveCfg = Release|Any CPU
		{CBF63B61-615C-4733-89D5-D4A414F94062}.Release|Any CPU.Build.0 = Release|Any CPU
		{CBF63B61-615C-4733-89D5-D4A414F94062}.Release|ARM.ActiveCfg = Release|Any CPU
		{CBF63B61-615C-4733-89D5-D4A414F94062}.Release|ARM.Build.0 = Release|Any CPU
		{CBF63B61-615C-4733-89D5-D4A414F94062}.Release|iPhone.ActiveCfg = Release|Any CPU
		{CBF63B61-615C-4733-89D5-D4A414F94062}.Release|iPhone.Build.0 = Release|Any CPU
		{CBF63B61-615C-4733-89D5-D4A414F94062}.Release|iPhoneSimulator.ActiveCfg = Release|Any CPU
		{CBF63B61-615C-4733-89D5-D4A414F94062}.Release|iPhoneSimulator.Build.0 = Release|Any CPU
		{CBF63B61-615C-4733-89D5-D4A414F94062}.Release|x64.ActiveCfg = Release|Any CPU
		{CBF63B61-615C-4733-89D5-D4A414F94062}.Release|x64.Build.0 = Release|Any CPU
		{CBF63B61-615C-4733-89D5-D4A414F94062}.Release|x86.ActiveCfg = Release|Any CPU
		{CBF63B61-615C-4733-89D5-D4A414F94062}.Release|x86.Build.0 = Release|Any CPU
	EndGlobalSection
	GlobalSection(SolutionProperties) = preSolution
		HideSolutionNode = FALSE
	EndGlobalSection
	GlobalSection(NestedProjects) = preSolution
		{BD0D6B3E-E91F-4B56-A05B-A833D6D7CC2C} = {45E3B5D3-C86B-4C72-B97D-3B8D29124E8C}
		{5400A724-7DA1-49F9-8525-8CA2CB51BDE4} = {45E3B5D3-C86B-4C72-B97D-3B8D29124E8C}
		{46ECFE6A-824F-4197-89AF-41A854D73E19} = {45E3B5D3-C86B-4C72-B97D-3B8D29124E8C}
		{1EC8DAF5-A851-47F5-9493-4C542176F69C} = {91D42FB2-F56A-456C-82C2-F85DADB09832}
		{40E2AC32-E805-4D41-B101-97CC91693419} = {91D42FB2-F56A-456C-82C2-F85DADB09832}
		{2C3487BC-A977-42D3-8A9F-C566722D88AB} = {3833C680-EB55-4240-88EA-96843BF795C2}
		{310FF497-88A8-4C91-B7A4-C0AB74DC53EF} = {DA78F4A7-8F3C-4CA3-A0D4-286654D1A616}
		{A56EADF4-BBDE-48C2-BB8E-7A5B5929AC7E} = {39A9ABC8-2D07-4554-ADD7-0E43B303B996}
		{6E75D731-3C20-4A68-8A3C-72C7EB9CDBB5} = {39A9ABC8-2D07-4554-ADD7-0E43B303B996}
		{A8AFF6F7-7346-4CB7-9A0A-9BEA567D7CE5} = {8297388D-C019-431E-8ACD-A60EC49355D1}
		{CBF63B61-615C-4733-89D5-D4A414F94062} = {8297388D-C019-431E-8ACD-A60EC49355D1}
	EndGlobalSection
	GlobalSection(ExtensibilityGlobals) = postSolution
		SolutionGuid = {D7EE5DB3-F628-4297-A9BC-73CB8E395478}
	EndGlobalSection
EndGlobal
